{
  "name": "electrician-pro",
  "version": "1.0.0",
  "lockfileVersion": 3,
  "requires": true,
  "packages": {
    "": {
      "name": "electrician-pro",
      "version": "1.0.0",
      "license": "MIT",
      "dependencies": {
        "@capacitor/android": "^5.7.0",
        "@capacitor/cli": "^5.7.0",
        "@capacitor/core": "^5.7.0"
      },
      "devDependencies": {
        "serve": "^14.2.0"
      }
    },
    "node_modules/@capacitor/android": {
      "version": "5.7.0",
      "resolved": "https://registry.npmjs.org/@capacitor/android/-/android-5.7.0.tgz",
      "integrity": "sha512-...",
      "requires": {}
    },
    "node_modules/@capacitor/cli": {
      "version": "5.7.0",
      "resolved": "https://registry.npmjs.org/@capacitor/cli/-/cli-5.7.0.tgz",
      "integrity": "sha512-...",
      "requires": {}
    },
    "node_modules/@capacitor/core": {
      "version": "5.7.0",
      "resolved": "https://registry.npmjs.org/@capacitor/core/-/core-5.7.0.tgz",
      "integrity": "sha512-..."
    }
  }
}
